// !$*UTF8*$!
{
	archiveVersion = 1;
	classes = {
	};
	objectVersion = 46;
	objects = {

/* Begin PBXBuildFile section */
		A9D645D21BAD691000E29D2A /* FromLanguageCell.m in Sources */ = {isa = PBXBuildFile; fileRef = A9D645D11BAD691000E29D2A /* FromLanguageCell.m */; settings = {ASSET_TAGS = (); }; };
		A9D645D51BAD692600E29D2A /* ToLanguageCell.m in Sources */ = {isa = PBXBuildFile; fileRef = A9D645D41BAD692600E29D2A /* ToLanguageCell.m */; settings = {ASSET_TAGS = (); }; };
		A9D645D81BAD694E00E29D2A /* WikiSuggestsCell.m in Sources */ = {isa = PBXBuildFile; fileRef = A9D645D71BAD694E00E29D2A /* WikiSuggestsCell.m */; settings = {ASSET_TAGS = (); }; };
		A9D645DB1BAD696300E29D2A /* GoogleAudioCell.m in Sources */ = {isa = PBXBuildFile; fileRef = A9D645DA1BAD696300E29D2A /* GoogleAudioCell.m */; settings = {ASSET_TAGS = (); }; };
		A9D645DF1BAD764200E29D2A /* Constants.m in Sources */ = {isa = PBXBuildFile; fileRef = A9D645DE1BAD764200E29D2A /* Constants.m */; settings = {ASSET_TAGS = (); }; };
		A9D645E91BAD7E5D00E29D2A /* MLPAutoCompleteTextField.m in Sources */ = {isa = PBXBuildFile; fileRef = A9D645E31BAD7E5D00E29D2A /* MLPAutoCompleteTextField.m */; settings = {ASSET_TAGS = (); }; };
		A9D645EA1BAD7E5D00E29D2A /* NSString+Levenshtein.m in Sources */ = {isa = PBXBuildFile; fileRef = A9D645E81BAD7E5D00E29D2A /* NSString+Levenshtein.m */; settings = {ASSET_TAGS = (); }; };
		A9D645EF1BAD805A00E29D2A /* CachedResult+CoreDataProperties.m in Sources */ = {isa = PBXBuildFile; fileRef = A9D645EC1BAD805A00E29D2A /* CachedResult+CoreDataProperties.m */; settings = {ASSET_TAGS = (); }; };
		A9D645F01BAD805A00E29D2A /* CachedResult.m in Sources */ = {isa = PBXBuildFile; fileRef = A9D645EE1BAD805A00E29D2A /* CachedResult.m */; settings = {ASSET_TAGS = (); }; };
		A9D645F41BAD80D800E29D2A /* APIClient.m in Sources */ = {isa = PBXBuildFile; fileRef = A9D645F31BAD80D800E29D2A /* APIClient.m */; settings = {ASSET_TAGS = (); }; };
		A9D645FC1BAD818F00E29D2A /* APNetworkClient.m in Sources */ = {isa = PBXBuildFile; fileRef = A9D645F71BAD818F00E29D2A /* APNetworkClient.m */; settings = {ASSET_TAGS = (); }; };
		A9D645FD1BAD818F00E29D2A /* NSData+Base64.m in Sources */ = {isa = PBXBuildFile; fileRef = A9D645F91BAD818F00E29D2A /* NSData+Base64.m */; settings = {ASSET_TAGS = (); }; };
		A9D645FE1BAD818F00E29D2A /* NSDictionary+QueryString.m in Sources */ = {isa = PBXBuildFile; fileRef = A9D645FB1BAD818F00E29D2A /* NSDictionary+QueryString.m */; settings = {ASSET_TAGS = (); }; };
		A9D646011BAD965800E29D2A /* TranslatorFacade.m in Sources */ = {isa = PBXBuildFile; fileRef = A9D646001BAD965800E29D2A /* TranslatorFacade.m */; settings = {ASSET_TAGS = (); }; };
		A9D646051BAD982C00E29D2A /* CoreDataTranslationManager.m in Sources */ = {isa = PBXBuildFile; fileRef = A9D646041BAD982C00E29D2A /* CoreDataTranslationManager.m */; settings = {ASSET_TAGS = (); }; };
		A9D6460C1BAD999800E29D2A /* Translator.m in Sources */ = {isa = PBXBuildFile; fileRef = A9D6460B1BAD999800E29D2A /* Translator.m */; settings = {ASSET_TAGS = (); }; };
		A9D6460F1BADA6BA00E29D2A /* Translation.m in Sources */ = {isa = PBXBuildFile; fileRef = A9D6460E1BADA6BA00E29D2A /* Translation.m */; settings = {ASSET_TAGS = (); }; };
		A9D6462A1BADAC1D00E29D2A /* JSONModel.m in Sources */ = {isa = PBXBuildFile; fileRef = A9D646131BADAC1D00E29D2A /* JSONModel.m */; settings = {ASSET_TAGS = (); }; };
		A9D6462B1BADAC1D00E29D2A /* JSONModelArray.m in Sources */ = {isa = PBXBuildFile; fileRef = A9D646151BADAC1D00E29D2A /* JSONModelArray.m */; settings = {ASSET_TAGS = (); }; };
		A9D6462C1BADAC1D00E29D2A /* JSONModelClassProperty.m in Sources */ = {isa = PBXBuildFile; fileRef = A9D646171BADAC1D00E29D2A /* JSONModelClassProperty.m */; settings = {ASSET_TAGS = (); }; };
		A9D6462D1BADAC1D00E29D2A /* JSONModelError.m in Sources */ = {isa = PBXBuildFile; fileRef = A9D646191BADAC1D00E29D2A /* JSONModelError.m */; settings = {ASSET_TAGS = (); }; };
		A9D6462E1BADAC1D00E29D2A /* NSArray+JSONModel.m in Sources */ = {isa = PBXBuildFile; fileRef = A9D6461C1BADAC1D00E29D2A /* NSArray+JSONModel.m */; settings = {ASSET_TAGS = (); }; };
		A9D646321BADAC1D00E29D2A /* JSONKeyMapper.m in Sources */ = {isa = PBXBuildFile; fileRef = A9D646271BADAC1D00E29D2A /* JSONKeyMapper.m */; settings = {ASSET_TAGS = (); }; };
		A9D646331BADAC1D00E29D2A /* JSONValueTransformer.m in Sources */ = {isa = PBXBuildFile; fileRef = A9D646291BADAC1D00E29D2A /* JSONValueTransformer.m */; settings = {ASSET_TAGS = (); }; };
		A9D646361BADAC9100E29D2A /* TranslationResponse.m in Sources */ = {isa = PBXBuildFile; fileRef = A9D646351BADAC9100E29D2A /* TranslationResponse.m */; settings = {ASSET_TAGS = (); }; };
		A9D6463A1BADAD0700E29D2A /* Tuc.m in Sources */ = {isa = PBXBuildFile; fileRef = A9D646391BADAD0700E29D2A /* Tuc.m */; settings = {ASSET_TAGS = (); }; };
		A9D6463D1BADAD3B00E29D2A /* Phrase.m in Sources */ = {isa = PBXBuildFile; fileRef = A9D6463C1BADAD3B00E29D2A /* Phrase.m */; settings = {ASSET_TAGS = (); }; };
		A9D646401BADAD4B00E29D2A /* Meaning.m in Sources */ = {isa = PBXBuildFile; fileRef = A9D6463F1BADAD4B00E29D2A /* Meaning.m */; settings = {ASSET_TAGS = (); }; };
		A9D646431BADB85F00E29D2A /* DetailMeaningCell.m in Sources */ = {isa = PBXBuildFile; fileRef = A9D646421BADB85F00E29D2A /* DetailMeaningCell.m */; settings = {ASSET_TAGS = (); }; };
		A9D646461BADCAF200E29D2A /* NSString+HTML.m in Sources */ = {isa = PBXBuildFile; fileRef = A9D646451BADCAF200E29D2A /* NSString+HTML.m */; settings = {ASSET_TAGS = (); }; };
		A9D646491BADCB2500E29D2A /* GTMNSString+HTML.m in Sources */ = {isa = PBXBuildFile; fileRef = A9D646481BADCB2500E29D2A /* GTMNSString+HTML.m */; settings = {ASSET_TAGS = (); }; };
		A9D6468E1BADD96400E29D2A /* LanguageNamesDataSource.m in Sources */ = {isa = PBXBuildFile; fileRef = A9D6468D1BADD96400E29D2A /* LanguageNamesDataSource.m */; settings = {ASSET_TAGS = (); }; };
		A9D646911BADDC8600E29D2A /* KnownWordsDataSource.m in Sources */ = {isa = PBXBuildFile; fileRef = A9D646901BADDC8600E29D2A /* KnownWordsDataSource.m */; settings = {ASSET_TAGS = (); }; };
		A9D646941BAE165100E29D2A /* LangSuggestionObject.m in Sources */ = {isa = PBXBuildFile; fileRef = A9D646931BAE165100E29D2A /* LangSuggestionObject.m */; settings = {ASSET_TAGS = (); }; };
		A9D646971BAE290700E29D2A /* AVFoundation.framework in Frameworks */ = {isa = PBXBuildFile; fileRef = A9D646961BAE290700E29D2A /* AVFoundation.framework */; };
		A9D646991BAE290E00E29D2A /* AudioToolbox.framework in Frameworks */ = {isa = PBXBuildFile; fileRef = A9D646981BAE290E00E29D2A /* AudioToolbox.framework */; };
		A9EE874B1BAD4DC800A63533 /* main.m in Sources */ = {isa = PBXBuildFile; fileRef = A9EE874A1BAD4DC800A63533 /* main.m */; };
		A9EE874E1BAD4DC800A63533 /* AppDelegate.m in Sources */ = {isa = PBXBuildFile; fileRef = A9EE874D1BAD4DC800A63533 /* AppDelegate.m */; };
		A9EE87511BAD4DC800A63533 /* CrossTranslator.xcdatamodeld in Sources */ = {isa = PBXBuildFile; fileRef = A9EE874F1BAD4DC800A63533 /* CrossTranslator.xcdatamodeld */; };
		A9EE87541BAD4DC800A63533 /* MasterViewController.m in Sources */ = {isa = PBXBuildFile; fileRef = A9EE87531BAD4DC800A63533 /* MasterViewController.m */; };
		A9EE87571BAD4DC800A63533 /* DetailViewController.m in Sources */ = {isa = PBXBuildFile; fileRef = A9EE87561BAD4DC800A63533 /* DetailViewController.m */; };
		A9EE875A1BAD4DC800A63533 /* Main.storyboard in Resources */ = {isa = PBXBuildFile; fileRef = A9EE87581BAD4DC800A63533 /* Main.storyboard */; };
		A9EE875C1BAD4DC800A63533 /* Assets.xcassets in Resources */ = {isa = PBXBuildFile; fileRef = A9EE875B1BAD4DC800A63533 /* Assets.xcassets */; };
		A9EE875F1BAD4DC800A63533 /* LaunchScreen.storyboard in Resources */ = {isa = PBXBuildFile; fileRef = A9EE875D1BAD4DC800A63533 /* LaunchScreen.storyboard */; };
		A9EE876A1BAD4DC800A63533 /* CrossTranslatorTests.m in Sources */ = {isa = PBXBuildFile; fileRef = A9EE87691BAD4DC800A63533 /* CrossTranslatorTests.m */; };
		A9EE87751BAD4DC800A63533 /* CrossTranslatorUITests.m in Sources */ = {isa = PBXBuildFile; fileRef = A9EE87741BAD4DC800A63533 /* CrossTranslatorUITests.m */; };
		A9EE87831BAD516000A63533 /* codes.csv in Resources */ = {isa = PBXBuildFile; fileRef = A9EE87821BAD516000A63533 /* codes.csv */; settings = {ASSET_TAGS = (); }; };
		A9EE87891BAD54DA00A63533 /* CHCSVParser.m in Sources */ = {isa = PBXBuildFile; fileRef = A9EE87881BAD54DA00A63533 /* CHCSVParser.m */; settings = {ASSET_TAGS = (); }; };
		A9EE87981BAD5B7700A63533 /* LangCodeModel+CoreDataProperties.m in Sources */ = {isa = PBXBuildFile; fileRef = A9EE87911BAD5B7700A63533 /* LangCodeModel+CoreDataProperties.m */; settings = {ASSET_TAGS = (); }; };
		A9EE87991BAD5B7700A63533 /* LangCodeModel.m in Sources */ = {isa = PBXBuildFile; fileRef = A9EE87931BAD5B7700A63533 /* LangCodeModel.m */; settings = {ASSET_TAGS = (); }; };
		A9EE879A1BAD5B7700A63533 /* LangName+CoreDataProperties.m in Sources */ = {isa = PBXBuildFile; fileRef = A9EE87951BAD5B7700A63533 /* LangName+CoreDataProperties.m */; settings = {ASSET_TAGS = (); }; };
		A9EE879B1BAD5B7700A63533 /* LangName.m in Sources */ = {isa = PBXBuildFile; fileRef = A9EE87971BAD5B7700A63533 /* LangName.m */; settings = {ASSET_TAGS = (); }; };
/* End PBXBuildFile section */

/* Begin PBXContainerItemProxy section */
		A9EE87661BAD4DC800A63533 /* PBXContainerItemProxy */ = {
			isa = PBXContainerItemProxy;
			containerPortal = A9EE873E1BAD4DC800A63533 /* Project object */;
			proxyType = 1;
			remoteGlobalIDString = A9EE87451BAD4DC800A63533;
			remoteInfo = CrossTranslator;
		};
		A9EE87711BAD4DC800A63533 /* PBXContainerItemProxy */ = {
			isa = PBXContainerItemProxy;
			containerPortal = A9EE873E1BAD4DC800A63533 /* Project object */;
			proxyType = 1;
			remoteGlobalIDString = A9EE87451BAD4DC800A63533;
			remoteInfo = CrossTranslator;
		};
/* End PBXContainerItemProxy section */

/* Begin PBXFileReference section */
		A9D645D01BAD691000E29D2A /* FromLanguageCell.h */ = {isa = PBXFileReference; fileEncoding = 4; lastKnownFileType = sourcecode.c.h; name = FromLanguageCell.h; path = view/FromLanguageCell.h; sourceTree = "<group>"; };
		A9D645D11BAD691000E29D2A /* FromLanguageCell.m */ = {isa = PBXFileReference; fileEncoding = 4; lastKnownFileType = sourcecode.c.objc; name = FromLanguageCell.m; path = view/FromLanguageCell.m; sourceTree = "<group>"; };
		A9D645D31BAD692600E29D2A /* ToLanguageCell.h */ = {isa = PBXFileReference; fileEncoding = 4; lastKnownFileType = sourcecode.c.h; name = ToLanguageCell.h; path = view/ToLanguageCell.h; sourceTree = "<group>"; };
		A9D645D41BAD692600E29D2A /* ToLanguageCell.m */ = {isa = PBXFileReference; fileEncoding = 4; lastKnownFileType = sourcecode.c.objc; name = ToLanguageCell.m; path = view/ToLanguageCell.m; sourceTree = "<group>"; };
		A9D645D61BAD694E00E29D2A /* WikiSuggestsCell.h */ = {isa = PBXFileReference; fileEncoding = 4; lastKnownFileType = sourcecode.c.h; name = WikiSuggestsCell.h; path = view/WikiSuggestsCell.h; sourceTree = "<group>"; };
		A9D645D71BAD694E00E29D2A /* WikiSuggestsCell.m */ = {isa = PBXFileReference; fileEncoding = 4; lastKnownFileType = sourcecode.c.objc; name = WikiSuggestsCell.m; path = view/WikiSuggestsCell.m; sourceTree = "<group>"; };
		A9D645D91BAD696300E29D2A /* GoogleAudioCell.h */ = {isa = PBXFileReference; fileEncoding = 4; lastKnownFileType = sourcecode.c.h; path = GoogleAudioCell.h; sourceTree = "<group>"; };
		A9D645DA1BAD696300E29D2A /* GoogleAudioCell.m */ = {isa = PBXFileReference; fileEncoding = 4; lastKnownFileType = sourcecode.c.objc; path = GoogleAudioCell.m; sourceTree = "<group>"; };
		A9D645DD1BAD764200E29D2A /* Constants.h */ = {isa = PBXFileReference; fileEncoding = 4; lastKnownFileType = sourcecode.c.h; name = Constants.h; path = model/Constants.h; sourceTree = "<group>"; };
		A9D645DE1BAD764200E29D2A /* Constants.m */ = {isa = PBXFileReference; fileEncoding = 4; lastKnownFileType = sourcecode.c.objc; name = Constants.m; path = model/Constants.m; sourceTree = "<group>"; };
		A9D645E21BAD7E5D00E29D2A /* MLPAutoCompleteTextField.h */ = {isa = PBXFileReference; fileEncoding = 4; lastKnownFileType = sourcecode.c.h; path = MLPAutoCompleteTextField.h; sourceTree = "<group>"; };
		A9D645E31BAD7E5D00E29D2A /* MLPAutoCompleteTextField.m */ = {isa = PBXFileReference; fileEncoding = 4; lastKnownFileType = sourcecode.c.objc; path = MLPAutoCompleteTextField.m; sourceTree = "<group>"; };
		A9D645E41BAD7E5D00E29D2A /* MLPAutoCompleteTextFieldDataSource.h */ = {isa = PBXFileReference; fileEncoding = 4; lastKnownFileType = sourcecode.c.h; path = MLPAutoCompleteTextFieldDataSource.h; sourceTree = "<group>"; };
		A9D645E51BAD7E5D00E29D2A /* MLPAutoCompleteTextFieldDelegate.h */ = {isa = PBXFileReference; fileEncoding = 4; lastKnownFileType = sourcecode.c.h; path = MLPAutoCompleteTextFieldDelegate.h; sourceTree = "<group>"; };
		A9D645E61BAD7E5D00E29D2A /* MLPAutoCompletionObject.h */ = {isa = PBXFileReference; fileEncoding = 4; lastKnownFileType = sourcecode.c.h; path = MLPAutoCompletionObject.h; sourceTree = "<group>"; };
		A9D645E71BAD7E5D00E29D2A /* NSString+Levenshtein.h */ = {isa = PBXFileReference; fileEncoding = 4; lastKnownFileType = sourcecode.c.h; path = "NSString+Levenshtein.h"; sourceTree = "<group>"; };
		A9D645E81BAD7E5D00E29D2A /* NSString+Levenshtein.m */ = {isa = PBXFileReference; fileEncoding = 4; lastKnownFileType = sourcecode.c.objc; path = "NSString+Levenshtein.m"; sourceTree = "<group>"; };
		A9D645EB1BAD805A00E29D2A /* CachedResult+CoreDataProperties.h */ = {isa = PBXFileReference; fileEncoding = 4; lastKnownFileType = sourcecode.c.h; name = "CachedResult+CoreDataProperties.h"; path = "model/CachedResult+CoreDataProperties.h"; sourceTree = "<group>"; };
		A9D645EC1BAD805A00E29D2A /* CachedResult+CoreDataProperties.m */ = {isa = PBXFileReference; fileEncoding = 4; lastKnownFileType = sourcecode.c.objc; name = "CachedResult+CoreDataProperties.m"; path = "model/CachedResult+CoreDataProperties.m"; sourceTree = "<group>"; };
		A9D645ED1BAD805A00E29D2A /* CachedResult.h */ = {isa = PBXFileReference; fileEncoding = 4; lastKnownFileType = sourcecode.c.h; name = CachedResult.h; path = model/CachedResult.h; sourceTree = "<group>"; };
		A9D645EE1BAD805A00E29D2A /* CachedResult.m */ = {isa = PBXFileReference; fileEncoding = 4; lastKnownFileType = sourcecode.c.objc; name = CachedResult.m; path = model/CachedResult.m; sourceTree = "<group>"; };
		A9D645F21BAD80D800E29D2A /* APIClient.h */ = {isa = PBXFileReference; fileEncoding = 4; lastKnownFileType = sourcecode.c.h; name = APIClient.h; path = model/APIClient.h; sourceTree = "<group>"; };
		A9D645F31BAD80D800E29D2A /* APIClient.m */ = {isa = PBXFileReference; fileEncoding = 4; lastKnownFileType = sourcecode.c.objc; name = APIClient.m; path = model/APIClient.m; sourceTree = "<group>"; };
		A9D645F61BAD818F00E29D2A /* APNetworkClient.h */ = {isa = PBXFileReference; fileEncoding = 4; lastKnownFileType = sourcecode.c.h; path = APNetworkClient.h; sourceTree = "<group>"; };
		A9D645F71BAD818F00E29D2A /* APNetworkClient.m */ = {isa = PBXFileReference; fileEncoding = 4; lastKnownFileType = sourcecode.c.objc; path = APNetworkClient.m; sourceTree = "<group>"; };
		A9D645F81BAD818F00E29D2A /* NSData+Base64.h */ = {isa = PBXFileReference; fileEncoding = 4; lastKnownFileType = sourcecode.c.h; path = "NSData+Base64.h"; sourceTree = "<group>"; };
		A9D645F91BAD818F00E29D2A /* NSData+Base64.m */ = {isa = PBXFileReference; fileEncoding = 4; lastKnownFileType = sourcecode.c.objc; path = "NSData+Base64.m"; sourceTree = "<group>"; };
		A9D645FA1BAD818F00E29D2A /* NSDictionary+QueryString.h */ = {isa = PBXFileReference; fileEncoding = 4; lastKnownFileType = sourcecode.c.h; path = "NSDictionary+QueryString.h"; sourceTree = "<group>"; };
		A9D645FB1BAD818F00E29D2A /* NSDictionary+QueryString.m */ = {isa = PBXFileReference; fileEncoding = 4; lastKnownFileType = sourcecode.c.objc; path = "NSDictionary+QueryString.m"; sourceTree = "<group>"; };
		A9D645FF1BAD965800E29D2A /* TranslatorFacade.h */ = {isa = PBXFileReference; fileEncoding = 4; lastKnownFileType = sourcecode.c.h; name = TranslatorFacade.h; path = model/TranslatorFacade.h; sourceTree = "<group>"; };
		A9D646001BAD965800E29D2A /* TranslatorFacade.m */ = {isa = PBXFileReference; fileEncoding = 4; lastKnownFileType = sourcecode.c.objc; name = TranslatorFacade.m; path = model/TranslatorFacade.m; sourceTree = "<group>"; };
		A9D646031BAD982C00E29D2A /* CoreDataTranslationManager.h */ = {isa = PBXFileReference; fileEncoding = 4; lastKnownFileType = sourcecode.c.h; name = CoreDataTranslationManager.h; path = model/CoreDataTranslationManager.h; sourceTree = "<group>"; };
		A9D646041BAD982C00E29D2A /* CoreDataTranslationManager.m */ = {isa = PBXFileReference; fileEncoding = 4; lastKnownFileType = sourcecode.c.objc; name = CoreDataTranslationManager.m; path = model/CoreDataTranslationManager.m; sourceTree = "<group>"; };
		A9D646091BAD992B00E29D2A /* TranslationDelegateProtocol.h */ = {isa = PBXFileReference; fileEncoding = 4; lastKnownFileType = sourcecode.c.h; name = TranslationDelegateProtocol.h; path = model/TranslationDelegateProtocol.h; sourceTree = "<group>"; };
		A9D6460A1BAD999800E29D2A /* Translator.h */ = {isa = PBXFileReference; fileEncoding = 4; lastKnownFileType = sourcecode.c.h; name = Translator.h; path = model/Translator.h; sourceTree = "<group>"; };
		A9D6460B1BAD999800E29D2A /* Translator.m */ = {isa = PBXFileReference; fileEncoding = 4; lastKnownFileType = sourcecode.c.objc; name = Translator.m; path = model/Translator.m; sourceTree = "<group>"; };
		A9D6460D1BADA6BA00E29D2A /* Translation.h */ = {isa = PBXFileReference; fileEncoding = 4; lastKnownFileType = sourcecode.c.h; name = Translation.h; path = model/Translation.h; sourceTree = "<group>"; };
		A9D6460E1BADA6BA00E29D2A /* Translation.m */ = {isa = PBXFileReference; fileEncoding = 4; lastKnownFileType = sourcecode.c.objc; name = Translation.m; path = model/Translation.m; sourceTree = "<group>"; };
		A9D646121BADAC1D00E29D2A /* JSONModel.h */ = {isa = PBXFileReference; fileEncoding = 4; lastKnownFileType = sourcecode.c.h; path = JSONModel.h; sourceTree = "<group>"; };
		A9D646131BADAC1D00E29D2A /* JSONModel.m */ = {isa = PBXFileReference; fileEncoding = 4; lastKnownFileType = sourcecode.c.objc; path = JSONModel.m; sourceTree = "<group>"; };
		A9D646141BADAC1D00E29D2A /* JSONModelArray.h */ = {isa = PBXFileReference; fileEncoding = 4; lastKnownFileType = sourcecode.c.h; path = JSONModelArray.h; sourceTree = "<group>"; };
		A9D646151BADAC1D00E29D2A /* JSONModelArray.m */ = {isa = PBXFileReference; fileEncoding = 4; lastKnownFileType = sourcecode.c.objc; path = JSONModelArray.m; sourceTree = "<group>"; };
		A9D646161BADAC1D00E29D2A /* JSONModelClassProperty.h */ = {isa = PBXFileReference; fileEncoding = 4; lastKnownFileType = sourcecode.c.h; path = JSONModelClassProperty.h; sourceTree = "<group>"; };
		A9D646171BADAC1D00E29D2A /* JSONModelClassProperty.m */ = {isa = PBXFileReference; fileEncoding = 4; lastKnownFileType = sourcecode.c.objc; path = JSONModelClassProperty.m; sourceTree = "<group>"; };
		A9D646181BADAC1D00E29D2A /* JSONModelError.h */ = {isa = PBXFileReference; fileEncoding = 4; lastKnownFileType = sourcecode.c.h; path = JSONModelError.h; sourceTree = "<group>"; };
		A9D646191BADAC1D00E29D2A /* JSONModelError.m */ = {isa = PBXFileReference; fileEncoding = 4; lastKnownFileType = sourcecode.c.objc; path = JSONModelError.m; sourceTree = "<group>"; };
		A9D6461B1BADAC1D00E29D2A /* NSArray+JSONModel.h */ = {isa = PBXFileReference; fileEncoding = 4; lastKnownFileType = sourcecode.c.h; path = "NSArray+JSONModel.h"; sourceTree = "<group>"; };
		A9D6461C1BADAC1D00E29D2A /* NSArray+JSONModel.m */ = {isa = PBXFileReference; fileEncoding = 4; lastKnownFileType = sourcecode.c.objc; path = "NSArray+JSONModel.m"; sourceTree = "<group>"; };
		A9D6461D1BADAC1D00E29D2A /* JSONModelLib.h */ = {isa = PBXFileReference; fileEncoding = 4; lastKnownFileType = sourcecode.c.h; path = JSONModelLib.h; sourceTree = "<group>"; };
		A9D646261BADAC1D00E29D2A /* JSONKeyMapper.h */ = {isa = PBXFileReference; fileEncoding = 4; lastKnownFileType = sourcecode.c.h; path = JSONKeyMapper.h; sourceTree = "<group>"; };
		A9D646271BADAC1D00E29D2A /* JSONKeyMapper.m */ = {isa = PBXFileReference; fileEncoding = 4; lastKnownFileType = sourcecode.c.objc; path = JSONKeyMapper.m; sourceTree = "<group>"; };
		A9D646281BADAC1D00E29D2A /* JSONValueTransformer.h */ = {isa = PBXFileReference; fileEncoding = 4; lastKnownFileType = sourcecode.c.h; path = JSONValueTransformer.h; sourceTree = "<group>"; };
		A9D646291BADAC1D00E29D2A /* JSONValueTransformer.m */ = {isa = PBXFileReference; fileEncoding = 4; lastKnownFileType = sourcecode.c.objc; path = JSONValueTransformer.m; sourceTree = "<group>"; };
		A9D646341BADAC9100E29D2A /* TranslationResponse.h */ = {isa = PBXFileReference; fileEncoding = 4; lastKnownFileType = sourcecode.c.h; name = TranslationResponse.h; path = model/TranslationResponse.h; sourceTree = "<group>"; };
		A9D646351BADAC9100E29D2A /* TranslationResponse.m */ = {isa = PBXFileReference; fileEncoding = 4; lastKnownFileType = sourcecode.c.objc; name = TranslationResponse.m; path = model/TranslationResponse.m; sourceTree = "<group>"; };
		A9D646381BADAD0700E29D2A /* Tuc.h */ = {isa = PBXFileReference; fileEncoding = 4; lastKnownFileType = sourcecode.c.h; name = Tuc.h; path = model/Tuc.h; sourceTree = "<group>"; };
		A9D646391BADAD0700E29D2A /* Tuc.m */ = {isa = PBXFileReference; fileEncoding = 4; lastKnownFileType = sourcecode.c.objc; name = Tuc.m; path = model/Tuc.m; sourceTree = "<group>"; };
		A9D6463B1BADAD3B00E29D2A /* Phrase.h */ = {isa = PBXFileReference; fileEncoding = 4; lastKnownFileType = sourcecode.c.h; name = Phrase.h; path = model/Phrase.h; sourceTree = "<group>"; };
		A9D6463C1BADAD3B00E29D2A /* Phrase.m */ = {isa = PBXFileReference; fileEncoding = 4; lastKnownFileType = sourcecode.c.objc; name = Phrase.m; path = model/Phrase.m; sourceTree = "<group>"; };
		A9D6463E1BADAD4B00E29D2A /* Meaning.h */ = {isa = PBXFileReference; fileEncoding = 4; lastKnownFileType = sourcecode.c.h; name = Meaning.h; path = model/Meaning.h; sourceTree = "<group>"; };
		A9D6463F1BADAD4B00E29D2A /* Meaning.m */ = {isa = PBXFileReference; fileEncoding = 4; lastKnownFileType = sourcecode.c.objc; name = Meaning.m; path = model/Meaning.m; sourceTree = "<group>"; };
		A9D646411BADB85F00E29D2A /* DetailMeaningCell.h */ = {isa = PBXFileReference; fileEncoding = 4; lastKnownFileType = sourcecode.c.h; name = DetailMeaningCell.h; path = view/DetailMeaningCell.h; sourceTree = "<group>"; };
		A9D646421BADB85F00E29D2A /* DetailMeaningCell.m */ = {isa = PBXFileReference; fileEncoding = 4; lastKnownFileType = sourcecode.c.objc; name = DetailMeaningCell.m; path = view/DetailMeaningCell.m; sourceTree = "<group>"; };
		A9D646441BADCAF200E29D2A /* NSString+HTML.h */ = {isa = PBXFileReference; fileEncoding = 4; lastKnownFileType = sourcecode.c.h; path = "NSString+HTML.h"; sourceTree = "<group>"; };
		A9D646451BADCAF200E29D2A /* NSString+HTML.m */ = {isa = PBXFileReference; fileEncoding = 4; lastKnownFileType = sourcecode.c.objc; path = "NSString+HTML.m"; sourceTree = "<group>"; };
		A9D646471BADCB2500E29D2A /* GTMNSString+HTML.h */ = {isa = PBXFileReference; fileEncoding = 4; lastKnownFileType = sourcecode.c.h; path = "GTMNSString+HTML.h"; sourceTree = "<group>"; };
		A9D646481BADCB2500E29D2A /* GTMNSString+HTML.m */ = {isa = PBXFileReference; fileEncoding = 4; lastKnownFileType = sourcecode.c.objc; path = "GTMNSString+HTML.m"; sourceTree = "<group>"; };
		A9D6468C1BADD96400E29D2A /* LanguageNamesDataSource.h */ = {isa = PBXFileReference; fileEncoding = 4; lastKnownFileType = sourcecode.c.h; name = LanguageNamesDataSource.h; path = model/LanguageNamesDataSource.h; sourceTree = "<group>"; };
		A9D6468D1BADD96400E29D2A /* LanguageNamesDataSource.m */ = {isa = PBXFileReference; fileEncoding = 4; lastKnownFileType = sourcecode.c.objc; name = LanguageNamesDataSource.m; path = model/LanguageNamesDataSource.m; sourceTree = "<group>"; };
		A9D6468F1BADDC8600E29D2A /* KnownWordsDataSource.h */ = {isa = PBXFileReference; fileEncoding = 4; lastKnownFileType = sourcecode.c.h; name = KnownWordsDataSource.h; path = model/KnownWordsDataSource.h; sourceTree = "<group>"; };
		A9D646901BADDC8600E29D2A /* KnownWordsDataSource.m */ = {isa = PBXFileReference; fileEncoding = 4; lastKnownFileType = sourcecode.c.objc; name = KnownWordsDataSource.m; path = model/KnownWordsDataSource.m; sourceTree = "<group>"; };
		A9D646921BAE165100E29D2A /* LangSuggestionObject.h */ = {isa = PBXFileReference; fileEncoding = 4; lastKnownFileType = sourcecode.c.h; name = LangSuggestionObject.h; path = model/LangSuggestionObject.h; sourceTree = "<group>"; };
		A9D646931BAE165100E29D2A /* LangSuggestionObject.m */ = {isa = PBXFileReference; fileEncoding = 4; lastKnownFileType = sourcecode.c.objc; name = LangSuggestionObject.m; path = model/LangSuggestionObject.m; sourceTree = "<group>"; };
		A9D646961BAE290700E29D2A /* AVFoundation.framework */ = {isa = PBXFileReference; lastKnownFileType = wrapper.framework; name = AVFoundation.framework; path = System/Library/Frameworks/AVFoundation.framework; sourceTree = SDKROOT; };
		A9D646981BAE290E00E29D2A /* AudioToolbox.framework */ = {isa = PBXFileReference; lastKnownFileType = wrapper.framework; name = AudioToolbox.framework; path = System/Library/Frameworks/AudioToolbox.framework; sourceTree = SDKROOT; };
		A9D6469A1BAE291C00E29D2A /* AudioUnit.framework */ = {isa = PBXFileReference; lastKnownFileType = wrapper.framework; name = AudioUnit.framework; path = System/Library/Frameworks/AudioUnit.framework; sourceTree = SDKROOT; };
		A9EE87461BAD4DC800A63533 /* CrossTranslator.app */ = {isa = PBXFileReference; explicitFileType = wrapper.application; includeInIndex = 0; path = CrossTranslator.app; sourceTree = BUILT_PRODUCTS_DIR; };
		A9EE874A1BAD4DC800A63533 /* main.m */ = {isa = PBXFileReference; lastKnownFileType = sourcecode.c.objc; path = main.m; sourceTree = "<group>"; };
		A9EE874C1BAD4DC800A63533 /* AppDelegate.h */ = {isa = PBXFileReference; lastKnownFileType = sourcecode.c.h; path = AppDelegate.h; sourceTree = "<group>"; };
		A9EE874D1BAD4DC800A63533 /* AppDelegate.m */ = {isa = PBXFileReference; lastKnownFileType = sourcecode.c.objc; path = AppDelegate.m; sourceTree = "<group>"; };
		A9EE87501BAD4DC800A63533 /* CrossTranslator.xcdatamodel */ = {isa = PBXFileReference; lastKnownFileType = wrapper.xcdatamodel; path = CrossTranslator.xcdatamodel; sourceTree = "<group>"; };
		A9EE87521BAD4DC800A63533 /* MasterViewController.h */ = {isa = PBXFileReference; lastKnownFileType = sourcecode.c.h; path = MasterViewController.h; sourceTree = "<group>"; };
		A9EE87531BAD4DC800A63533 /* MasterViewController.m */ = {isa = PBXFileReference; lastKnownFileType = sourcecode.c.objc; path = MasterViewController.m; sourceTree = "<group>"; };
		A9EE87551BAD4DC800A63533 /* DetailViewController.h */ = {isa = PBXFileReference; lastKnownFileType = sourcecode.c.h; path = DetailViewController.h; sourceTree = "<group>"; };
		A9EE87561BAD4DC800A63533 /* DetailViewController.m */ = {isa = PBXFileReference; lastKnownFileType = sourcecode.c.objc; path = DetailViewController.m; sourceTree = "<group>"; };
		A9EE87591BAD4DC800A63533 /* Base */ = {isa = PBXFileReference; lastKnownFileType = file.storyboard; name = Base; path = Base.lproj/Main.storyboard; sourceTree = "<group>"; };
		A9EE875B1BAD4DC800A63533 /* Assets.xcassets */ = {isa = PBXFileReference; lastKnownFileType = folder.assetcatalog; path = Assets.xcassets; sourceTree = "<group>"; };
		A9EE875E1BAD4DC800A63533 /* Base */ = {isa = PBXFileReference; lastKnownFileType = file.storyboard; name = Base; path = Base.lproj/LaunchScreen.storyboard; sourceTree = "<group>"; };
		A9EE87601BAD4DC800A63533 /* Info.plist */ = {isa = PBXFileReference; lastKnownFileType = text.plist.xml; path = Info.plist; sourceTree = "<group>"; };
		A9EE87651BAD4DC800A63533 /* CrossTranslatorTests.xctest */ = {isa = PBXFileReference; explicitFileType = wrapper.cfbundle; includeInIndex = 0; path = CrossTranslatorTests.xctest; sourceTree = BUILT_PRODUCTS_DIR; };
		A9EE87691BAD4DC800A63533 /* CrossTranslatorTests.m */ = {isa = PBXFileReference; lastKnownFileType = sourcecode.c.objc; path = CrossTranslatorTests.m; sourceTree = "<group>"; };
		A9EE876B1BAD4DC800A63533 /* Info.plist */ = {isa = PBXFileReference; lastKnownFileType = text.plist.xml; path = Info.plist; sourceTree = "<group>"; };
		A9EE87701BAD4DC800A63533 /* CrossTranslatorUITests.xctest */ = {isa = PBXFileReference; explicitFileType = wrapper.cfbundle; includeInIndex = 0; path = CrossTranslatorUITests.xctest; sourceTree = BUILT_PRODUCTS_DIR; };
		A9EE87741BAD4DC800A63533 /* CrossTranslatorUITests.m */ = {isa = PBXFileReference; lastKnownFileType = sourcecode.c.objc; path = CrossTranslatorUITests.m; sourceTree = "<group>"; };
		A9EE87761BAD4DC800A63533 /* Info.plist */ = {isa = PBXFileReference; lastKnownFileType = text.plist.xml; path = Info.plist; sourceTree = "<group>"; };
		A9EE87821BAD516000A63533 /* codes.csv */ = {isa = PBXFileReference; fileEncoding = 4; lastKnownFileType = text; path = codes.csv; sourceTree = "<group>"; };
		A9EE87871BAD54DA00A63533 /* CHCSVParser.h */ = {isa = PBXFileReference; fileEncoding = 4; lastKnownFileType = sourcecode.c.h; path = CHCSVParser.h; sourceTree = "<group>"; };
		A9EE87881BAD54DA00A63533 /* CHCSVParser.m */ = {isa = PBXFileReference; fileEncoding = 4; lastKnownFileType = sourcecode.c.objc; path = CHCSVParser.m; sourceTree = "<group>"; };
		A9EE87901BAD5B7700A63533 /* LangCodeModel+CoreDataProperties.h */ = {isa = PBXFileReference; fileEncoding = 4; lastKnownFileType = sourcecode.c.h; path = "LangCodeModel+CoreDataProperties.h"; sourceTree = "<group>"; };
		A9EE87911BAD5B7700A63533 /* LangCodeModel+CoreDataProperties.m */ = {isa = PBXFileReference; fileEncoding = 4; lastKnownFileType = sourcecode.c.objc; path = "LangCodeModel+CoreDataProperties.m"; sourceTree = "<group>"; };
		A9EE87921BAD5B7700A63533 /* LangCodeModel.h */ = {isa = PBXFileReference; fileEncoding = 4; lastKnownFileType = sourcecode.c.h; path = LangCodeModel.h; sourceTree = "<group>"; };
		A9EE87931BAD5B7700A63533 /* LangCodeModel.m */ = {isa = PBXFileReference; fileEncoding = 4; lastKnownFileType = sourcecode.c.objc; path = LangCodeModel.m; sourceTree = "<group>"; };
		A9EE87941BAD5B7700A63533 /* LangName+CoreDataProperties.h */ = {isa = PBXFileReference; fileEncoding = 4; lastKnownFileType = sourcecode.c.h; path = "LangName+CoreDataProperties.h"; sourceTree = "<group>"; };
		A9EE87951BAD5B7700A63533 /* LangName+CoreDataProperties.m */ = {isa = PBXFileReference; fileEncoding = 4; lastKnownFileType = sourcecode.c.objc; path = "LangName+CoreDataProperties.m"; sourceTree = "<group>"; };
		A9EE87961BAD5B7700A63533 /* LangName.h */ = {isa = PBXFileReference; fileEncoding = 4; lastKnownFileType = sourcecode.c.h; path = LangName.h; sourceTree = "<group>"; };
		A9EE87971BAD5B7700A63533 /* LangName.m */ = {isa = PBXFileReference; fileEncoding = 4; lastKnownFileType = sourcecode.c.objc; path = LangName.m; sourceTree = "<group>"; };
/* End PBXFileReference section */

/* Begin PBXFrameworksBuildPhase section */
		A9EE87431BAD4DC800A63533 /* Frameworks */ = {
			isa = PBXFrameworksBuildPhase;
			buildActionMask = 2147483647;
			files = (
				A9D646991BAE290E00E29D2A /* AudioToolbox.framework in Frameworks */,
				A9D646971BAE290700E29D2A /* AVFoundation.framework in Frameworks */,
			);
			runOnlyForDeploymentPostprocessing = 0;
		};
		A9EE87621BAD4DC800A63533 /* Frameworks */ = {
			isa = PBXFrameworksBuildPhase;
			buildActionMask = 2147483647;
			files = (
			);
			runOnlyForDeploymentPostprocessing = 0;
		};
		A9EE876D1BAD4DC800A63533 /* Frameworks */ = {
			isa = PBXFrameworksBuildPhase;
			buildActionMask = 2147483647;
			files = (
			);
			runOnlyForDeploymentPostprocessing = 0;
		};
/* End PBXFrameworksBuildPhase section */

/* Begin PBXGroup section */
		A9D645CF1BAD68C100E29D2A /* View */ = {
			isa = PBXGroup;
			children = (
				A9D645D01BAD691000E29D2A /* FromLanguageCell.h */,
				A9D645D11BAD691000E29D2A /* FromLanguageCell.m */,
				A9D645D31BAD692600E29D2A /* ToLanguageCell.h */,
				A9D645D41BAD692600E29D2A /* ToLanguageCell.m */,
				A9D645D61BAD694E00E29D2A /* WikiSuggestsCell.h */,
				A9D645D71BAD694E00E29D2A /* WikiSuggestsCell.m */,
				A9D645D91BAD696300E29D2A /* GoogleAudioCell.h */,
				A9D645DA1BAD696300E29D2A /* GoogleAudioCell.m */,
				A9D646411BADB85F00E29D2A /* DetailMeaningCell.h */,
				A9D646421BADB85F00E29D2A /* DetailMeaningCell.m */,
			);
			name = View;
			sourceTree = "<group>";
		};
		A9D645E01BAD7E2200E29D2A /* CVSParser */ = {
			isa = PBXGroup;
			children = (
				A9EE87871BAD54DA00A63533 /* CHCSVParser.h */,
				A9EE87881BAD54DA00A63533 /* CHCSVParser.m */,
			);
			name = CVSParser;
			sourceTree = "<group>";
		};
		A9D645E11BAD7E5D00E29D2A /* MLPAutoCompleteTextField */ = {
			isa = PBXGroup;
			children = (
				A9D645E21BAD7E5D00E29D2A /* MLPAutoCompleteTextField.h */,
				A9D645E31BAD7E5D00E29D2A /* MLPAutoCompleteTextField.m */,
				A9D645E41BAD7E5D00E29D2A /* MLPAutoCompleteTextFieldDataSource.h */,
				A9D645E51BAD7E5D00E29D2A /* MLPAutoCompleteTextFieldDelegate.h */,
				A9D645E61BAD7E5D00E29D2A /* MLPAutoCompletionObject.h */,
				A9D645E71BAD7E5D00E29D2A /* NSString+Levenshtein.h */,
				A9D645E81BAD7E5D00E29D2A /* NSString+Levenshtein.m */,
			);
			path = MLPAutoCompleteTextField;
			sourceTree = "<group>";
		};
		A9D645F11BAD808F00E29D2A /* CoreData */ = {
			isa = PBXGroup;
			children = (
				A9EE87901BAD5B7700A63533 /* LangCodeModel+CoreDataProperties.h */,
				A9EE87911BAD5B7700A63533 /* LangCodeModel+CoreDataProperties.m */,
				A9EE87921BAD5B7700A63533 /* LangCodeModel.h */,
				A9EE87931BAD5B7700A63533 /* LangCodeModel.m */,
				A9EE87941BAD5B7700A63533 /* LangName+CoreDataProperties.h */,
				A9EE87951BAD5B7700A63533 /* LangName+CoreDataProperties.m */,
				A9EE87961BAD5B7700A63533 /* LangName.h */,
				A9EE87971BAD5B7700A63533 /* LangName.m */,
				A9D645EB1BAD805A00E29D2A /* CachedResult+CoreDataProperties.h */,
				A9D645EC1BAD805A00E29D2A /* CachedResult+CoreDataProperties.m */,
				A9D645ED1BAD805A00E29D2A /* CachedResult.h */,
				A9D645EE1BAD805A00E29D2A /* CachedResult.m */,
				A9D646031BAD982C00E29D2A /* CoreDataTranslationManager.h */,
				A9D646041BAD982C00E29D2A /* CoreDataTranslationManager.m */,
				A9D646951BAE165C00E29D2A /* Suggestions */,
			);
			name = CoreData;
			sourceTree = "<group>";
		};
		A9D646021BAD97F900E29D2A /* ApiClient */ = {
			isa = PBXGroup;
			children = (
				A9D645F61BAD818F00E29D2A /* APNetworkClient.h */,
				A9D645F71BAD818F00E29D2A /* APNetworkClient.m */,
				A9D645F81BAD818F00E29D2A /* NSData+Base64.h */,
				A9D645F91BAD818F00E29D2A /* NSData+Base64.m */,
				A9D645FA1BAD818F00E29D2A /* NSDictionary+QueryString.h */,
				A9D645FB1BAD818F00E29D2A /* NSDictionary+QueryString.m */,
				A9D646471BADCB2500E29D2A /* GTMNSString+HTML.h */,
				A9D646481BADCB2500E29D2A /* GTMNSString+HTML.m */,
				A9D646441BADCAF200E29D2A /* NSString+HTML.h */,
				A9D646451BADCAF200E29D2A /* NSString+HTML.m */,
			);
			name = ApiClient;
			sourceTree = "<group>";
		};
		A9D646101BADAC1D00E29D2A /* JSONModel */ = {
			isa = PBXGroup;
			children = (
				A9D646111BADAC1D00E29D2A /* JSONModel */,
				A9D6461A1BADAC1D00E29D2A /* JSONModelCategories */,
				A9D6461D1BADAC1D00E29D2A /* JSONModelLib.h */,
				A9D646251BADAC1D00E29D2A /* JSONModelTransformations */,
			);
			path = JSONModel;
			sourceTree = "<group>";
		};
		A9D646111BADAC1D00E29D2A /* JSONModel */ = {
			isa = PBXGroup;
			children = (
				A9D646121BADAC1D00E29D2A /* JSONModel.h */,
				A9D646131BADAC1D00E29D2A /* JSONModel.m */,
				A9D646141BADAC1D00E29D2A /* JSONModelArray.h */,
				A9D646151BADAC1D00E29D2A /* JSONModelArray.m */,
				A9D646161BADAC1D00E29D2A /* JSONModelClassProperty.h */,
				A9D646171BADAC1D00E29D2A /* JSONModelClassProperty.m */,
				A9D646181BADAC1D00E29D2A /* JSONModelError.h */,
				A9D646191BADAC1D00E29D2A /* JSONModelError.m */,
			);
			path = JSONModel;
			sourceTree = "<group>";
		};
		A9D6461A1BADAC1D00E29D2A /* JSONModelCategories */ = {
			isa = PBXGroup;
			children = (
				A9D6461B1BADAC1D00E29D2A /* NSArray+JSONModel.h */,
				A9D6461C1BADAC1D00E29D2A /* NSArray+JSONModel.m */,
			);
			path = JSONModelCategories;
			sourceTree = "<group>";
		};
		A9D646251BADAC1D00E29D2A /* JSONModelTransformations */ = {
			isa = PBXGroup;
			children = (
				A9D646261BADAC1D00E29D2A /* JSONKeyMapper.h */,
				A9D646271BADAC1D00E29D2A /* JSONKeyMapper.m */,
				A9D646281BADAC1D00E29D2A /* JSONValueTransformer.h */,
				A9D646291BADAC1D00E29D2A /* JSONValueTransformer.m */,
			);
			path = JSONModelTransformations;
			sourceTree = "<group>";
		};
		A9D646371BADAC9B00E29D2A /* Translation */ = {
			isa = PBXGroup;
			children = (
				A9D6460D1BADA6BA00E29D2A /* Translation.h */,
				A9D6460E1BADA6BA00E29D2A /* Translation.m */,
				A9D646341BADAC9100E29D2A /* TranslationResponse.h */,
				A9D646351BADAC9100E29D2A /* TranslationResponse.m */,
				A9D646381BADAD0700E29D2A /* Tuc.h */,
				A9D646391BADAD0700E29D2A /* Tuc.m */,
				A9D6463B1BADAD3B00E29D2A /* Phrase.h */,
				A9D6463C1BADAD3B00E29D2A /* Phrase.m */,
				A9D6463E1BADAD4B00E29D2A /* Meaning.h */,
				A9D6463F1BADAD4B00E29D2A /* Meaning.m */,
			);
			name = Translation;
			sourceTree = "<group>";
		};
		A9D646951BAE165C00E29D2A /* Suggestions */ = {
			isa = PBXGroup;
			children = (
				A9D6468C1BADD96400E29D2A /* LanguageNamesDataSource.h */,
				A9D6468D1BADD96400E29D2A /* LanguageNamesDataSource.m */,
				A9D6468F1BADDC8600E29D2A /* KnownWordsDataSource.h */,
				A9D646901BADDC8600E29D2A /* KnownWordsDataSource.m */,
				A9D646921BAE165100E29D2A /* LangSuggestionObject.h */,
				A9D646931BAE165100E29D2A /* LangSuggestionObject.m */,
			);
			name = Suggestions;
			sourceTree = "<group>";
		};
		A9EE873D1BAD4DC800A63533 = {
			isa = PBXGroup;
			children = (
				A9D6469A1BAE291C00E29D2A /* AudioUnit.framework */,
				A9D646981BAE290E00E29D2A /* AudioToolbox.framework */,
				A9D646961BAE290700E29D2A /* AVFoundation.framework */,
				A9EE87481BAD4DC800A63533 /* CrossTranslator */,
				A9EE87681BAD4DC800A63533 /* CrossTranslatorTests */,
				A9EE87731BAD4DC800A63533 /* CrossTranslatorUITests */,
				A9EE87471BAD4DC800A63533 /* Products */,
			);
			sourceTree = "<group>";
		};
		A9EE87471BAD4DC800A63533 /* Products */ = {
			isa = PBXGroup;
			children = (
				A9EE87461BAD4DC800A63533 /* CrossTranslator.app */,
				A9EE87651BAD4DC800A63533 /* CrossTranslatorTests.xctest */,
				A9EE87701BAD4DC800A63533 /* CrossTranslatorUITests.xctest */,
			);
			name = Products;
			sourceTree = "<group>";
		};
		A9EE87481BAD4DC800A63533 /* CrossTranslator */ = {
			isa = PBXGroup;
			children = (
				A9EE87851BAD54A800A63533 /* Libs */,
				A9EE87841BAD549C00A63533 /* Utils */,
				A9EE87861BAD54AF00A63533 /* Model */,
				A9D645CF1BAD68C100E29D2A /* View */,
				A9EE874C1BAD4DC800A63533 /* AppDelegate.h */,
				A9EE874D1BAD4DC800A63533 /* AppDelegate.m */,
				A9EE87521BAD4DC800A63533 /* MasterViewController.h */,
				A9EE87531BAD4DC800A63533 /* MasterViewController.m */,
				A9EE87551BAD4DC800A63533 /* DetailViewController.h */,
				A9EE87561BAD4DC800A63533 /* DetailViewController.m */,
				A9EE87581BAD4DC800A63533 /* Main.storyboard */,
				A9EE875B1BAD4DC800A63533 /* Assets.xcassets */,
				A9EE875D1BAD4DC800A63533 /* LaunchScreen.storyboard */,
				A9EE87601BAD4DC800A63533 /* Info.plist */,
				A9EE874F1BAD4DC800A63533 /* CrossTranslator.xcdatamodeld */,
				A9EE87491BAD4DC800A63533 /* Supporting Files */,
			);
			path = CrossTranslator;
			sourceTree = "<group>";
		};
		A9EE87491BAD4DC800A63533 /* Supporting Files */ = {
			isa = PBXGroup;
			children = (
				A9EE87821BAD516000A63533 /* codes.csv */,
				A9EE874A1BAD4DC800A63533 /* main.m */,
			);
			name = "Supporting Files";
			sourceTree = "<group>";
		};
		A9EE87681BAD4DC800A63533 /* CrossTranslatorTests */ = {
			isa = PBXGroup;
			children = (
				A9EE87691BAD4DC800A63533 /* CrossTranslatorTests.m */,
				A9EE876B1BAD4DC800A63533 /* Info.plist */,
			);
			path = CrossTranslatorTests;
			sourceTree = "<group>";
		};
		A9EE87731BAD4DC800A63533 /* CrossTranslatorUITests */ = {
			isa = PBXGroup;
			children = (
				A9EE87741BAD4DC800A63533 /* CrossTranslatorUITests.m */,
				A9EE87761BAD4DC800A63533 /* Info.plist */,
			);
			path = CrossTranslatorUITests;
			sourceTree = "<group>";
		};
		A9EE87841BAD549C00A63533 /* Utils */ = {
			isa = PBXGroup;
			children = (
				A9D645E11BAD7E5D00E29D2A /* MLPAutoCompleteTextField */,
				A9D645E01BAD7E2200E29D2A /* CVSParser */,
			);
			name = Utils;
			sourceTree = "<group>";
		};
		A9EE87851BAD54A800A63533 /* Libs */ = {
			isa = PBXGroup;
			children = (
			);
			name = Libs;
			sourceTree = "<group>";
		};
		A9EE87861BAD54AF00A63533 /* Model */ = {
			isa = PBXGroup;
			children = (
				A9D646101BADAC1D00E29D2A /* JSONModel */,
				A9D646021BAD97F900E29D2A /* ApiClient */,
				A9D645F11BAD808F00E29D2A /* CoreData */,
				A9D646371BADAC9B00E29D2A /* Translation */,
				A9D645DD1BAD764200E29D2A /* Constants.h */,
				A9D645DE1BAD764200E29D2A /* Constants.m */,
				A9D645F21BAD80D800E29D2A /* APIClient.h */,
				A9D645F31BAD80D800E29D2A /* APIClient.m */,
				A9D646091BAD992B00E29D2A /* TranslationDelegateProtocol.h */,
				A9D645FF1BAD965800E29D2A /* TranslatorFacade.h */,
				A9D646001BAD965800E29D2A /* TranslatorFacade.m */,
				A9D6460A1BAD999800E29D2A /* Translator.h */,
				A9D6460B1BAD999800E29D2A /* Translator.m */,
			);
			name = Model;
			sourceTree = "<group>";
		};
/* End PBXGroup section */

/* Begin PBXNativeTarget section */
		A9EE87451BAD4DC800A63533 /* CrossTranslator */ = {
			isa = PBXNativeTarget;
			buildConfigurationList = A9EE87791BAD4DC800A63533 /* Build configuration list for PBXNativeTarget "CrossTranslator" */;
			buildPhases = (
				A9EE87421BAD4DC800A63533 /* Sources */,
				A9EE87431BAD4DC800A63533 /* Frameworks */,
				A9EE87441BAD4DC800A63533 /* Resources */,
			);
			buildRules = (
			);
			dependencies = (
			);
			name = CrossTranslator;
			productName = CrossTranslator;
			productReference = A9EE87461BAD4DC800A63533 /* CrossTranslator.app */;
			productType = "com.apple.product-type.application";
		};
		A9EE87641BAD4DC800A63533 /* CrossTranslatorTests */ = {
			isa = PBXNativeTarget;
			buildConfigurationList = A9EE877C1BAD4DC800A63533 /* Build configuration list for PBXNativeTarget "CrossTranslatorTests" */;
			buildPhases = (
				A9EE87611BAD4DC800A63533 /* Sources */,
				A9EE87621BAD4DC800A63533 /* Frameworks */,
				A9EE87631BAD4DC800A63533 /* Resources */,
			);
			buildRules = (
			);
			dependencies = (
				A9EE87671BAD4DC800A63533 /* PBXTargetDependency */,
			);
			name = CrossTranslatorTests;
			productName = CrossTranslatorTests;
			productReference = A9EE87651BAD4DC800A63533 /* CrossTranslatorTests.xctest */;
			productType = "com.apple.product-type.bundle.unit-test";
		};
		A9EE876F1BAD4DC800A63533 /* CrossTranslatorUITests */ = {
			isa = PBXNativeTarget;
			buildConfigurationList = A9EE877F1BAD4DC800A63533 /* Build configuration list for PBXNativeTarget "CrossTranslatorUITests" */;
			buildPhases = (
				A9EE876C1BAD4DC800A63533 /* Sources */,
				A9EE876D1BAD4DC800A63533 /* Frameworks */,
				A9EE876E1BAD4DC800A63533 /* Resources */,
			);
			buildRules = (
			);
			dependencies = (
				A9EE87721BAD4DC800A63533 /* PBXTargetDependency */,
			);
			name = CrossTranslatorUITests;
			productName = CrossTranslatorUITests;
			productReference = A9EE87701BAD4DC800A63533 /* CrossTranslatorUITests.xctest */;
			productType = "com.apple.product-type.bundle.ui-testing";
		};
/* End PBXNativeTarget section */

/* Begin PBXProject section */
		A9EE873E1BAD4DC800A63533 /* Project object */ = {
			isa = PBXProject;
			attributes = {
				LastUpgradeCheck = 0700;
				ORGANIZATIONNAME = "Andi Palo";
				TargetAttributes = {
					A9EE87451BAD4DC800A63533 = {
						CreatedOnToolsVersion = 7.0;
						DevelopmentTeam = 78U7Q7Y878;
					};
					A9EE87641BAD4DC800A63533 = {
						CreatedOnToolsVersion = 7.0;
						TestTargetID = A9EE87451BAD4DC800A63533;
					};
					A9EE876F1BAD4DC800A63533 = {
						CreatedOnToolsVersion = 7.0;
						TestTargetID = A9EE87451BAD4DC800A63533;
					};
				};
			};
			buildConfigurationList = A9EE87411BAD4DC800A63533 /* Build configuration list for PBXProject "CrossTranslator" */;
			compatibilityVersion = "Xcode 3.2";
			developmentRegion = English;
			hasScannedForEncodings = 0;
			knownRegions = (
				en,
				Base,
			);
			mainGroup = A9EE873D1BAD4DC800A63533;
			productRefGroup = A9EE87471BAD4DC800A63533 /* Products */;
			projectDirPath = "";
			projectRoot = "";
			targets = (
				A9EE87451BAD4DC800A63533 /* CrossTranslator */,
				A9EE87641BAD4DC800A63533 /* CrossTranslatorTests */,
				A9EE876F1BAD4DC800A63533 /* CrossTranslatorUITests */,
			);
		};
/* End PBXProject section */

/* Begin PBXResourcesBuildPhase section */
		A9EE87441BAD4DC800A63533 /* Resources */ = {
			isa = PBXResourcesBuildPhase;
			buildActionMask = 2147483647;
			files = (
				A9EE875F1BAD4DC800A63533 /* LaunchScreen.storyboard in Resources */,
				A9EE87831BAD516000A63533 /* codes.csv in Resources */,
				A9EE875C1BAD4DC800A63533 /* Assets.xcassets in Resources */,
				A9EE875A1BAD4DC800A63533 /* Main.storyboard in Resources */,
			);
			runOnlyForDeploymentPostprocessing = 0;
		};
		A9EE87631BAD4DC800A63533 /* Resources */ = {
			isa = PBXResourcesBuildPhase;
			buildActionMask = 2147483647;
			files = (
			);
			runOnlyForDeploymentPostprocessing = 0;
		};
		A9EE876E1BAD4DC800A63533 /* Resources */ = {
			isa = PBXResourcesBuildPhase;
			buildActionMask = 2147483647;
			files = (
			);
			runOnlyForDeploymentPostprocessing = 0;
		};
/* End PBXResourcesBuildPhase section */

/* Begin PBXSourcesBuildPhase section */
		A9EE87421BAD4DC800A63533 /* Sources */ = {
			isa = PBXSourcesBuildPhase;
			buildActionMask = 2147483647;
			files = (
				A9EE879B1BAD5B7700A63533 /* LangName.m in Sources */,
				A9EE87991BAD5B7700A63533 /* LangCodeModel.m in Sources */,
				A9D646461BADCAF200E29D2A /* NSString+HTML.m in Sources */,
				A9D646051BAD982C00E29D2A /* CoreDataTranslationManager.m in Sources */,
				A9D645D51BAD692600E29D2A /* ToLanguageCell.m in Sources */,
				A9D6468E1BADD96400E29D2A /* LanguageNamesDataSource.m in Sources */,
				A9D6462E1BADAC1D00E29D2A /* NSArray+JSONModel.m in Sources */,
				A9D646011BAD965800E29D2A /* TranslatorFacade.m in Sources */,
				A9D645FD1BAD818F00E29D2A /* NSData+Base64.m in Sources */,
				A9D645D81BAD694E00E29D2A /* WikiSuggestsCell.m in Sources */,
				A9D646361BADAC9100E29D2A /* TranslationResponse.m in Sources */,
				A9D6460C1BAD999800E29D2A /* Translator.m in Sources */,
				A9EE87571BAD4DC800A63533 /* DetailViewController.m in Sources */,
				A9D6462D1BADAC1D00E29D2A /* JSONModelError.m in Sources */,
				A9D645DF1BAD764200E29D2A /* Constants.m in Sources */,
				A9D6463D1BADAD3B00E29D2A /* Phrase.m in Sources */,
				A9EE879A1BAD5B7700A63533 /* LangName+CoreDataProperties.m in Sources */,
				A9D646911BADDC8600E29D2A /* KnownWordsDataSource.m in Sources */,
				A9D646941BAE165100E29D2A /* LangSuggestionObject.m in Sources */,
				A9D646401BADAD4B00E29D2A /* Meaning.m in Sources */,
				A9D645EA1BAD7E5D00E29D2A /* NSString+Levenshtein.m in Sources */,
				A9D646491BADCB2500E29D2A /* GTMNSString+HTML.m in Sources */,
				A9D6460F1BADA6BA00E29D2A /* Translation.m in Sources */,
				A9D645FE1BAD818F00E29D2A /* NSDictionary+QueryString.m in Sources */,
				A9EE87541BAD4DC800A63533 /* MasterViewController.m in Sources */,
				A9D645DB1BAD696300E29D2A /* GoogleAudioCell.m in Sources */,
				A9D645E91BAD7E5D00E29D2A /* MLPAutoCompleteTextField.m in Sources */,
				A9D6462C1BADAC1D00E29D2A /* JSONModelClassProperty.m in Sources */,
				A9EE87981BAD5B7700A63533 /* LangCodeModel+CoreDataProperties.m in Sources */,
				A9D645EF1BAD805A00E29D2A /* CachedResult+CoreDataProperties.m in Sources */,
				A9EE87891BAD54DA00A63533 /* CHCSVParser.m in Sources */,
				A9D645D21BAD691000E29D2A /* FromLanguageCell.m in Sources */,
				A9D646331BADAC1D00E29D2A /* JSONValueTransformer.m in Sources */,
				A9D6462B1BADAC1D00E29D2A /* JSONModelArray.m in Sources */,
				A9D6462A1BADAC1D00E29D2A /* JSONModel.m in Sources */,
				A9D6463A1BADAD0700E29D2A /* Tuc.m in Sources */,
				A9D645F41BAD80D800E29D2A /* APIClient.m in Sources */,
				A9EE874E1BAD4DC800A63533 /* AppDelegate.m in Sources */,
				A9D646321BADAC1D00E29D2A /* JSONKeyMapper.m in Sources */,
				A9D646431BADB85F00E29D2A /* DetailMeaningCell.m in Sources */,
				A9D645FC1BAD818F00E29D2A /* APNetworkClient.m in Sources */,
				A9EE874B1BAD4DC800A63533 /* main.m in Sources */,
				A9EE87511BAD4DC800A63533 /* CrossTranslator.xcdatamodeld in Sources */,
				A9D645F01BAD805A00E29D2A /* CachedResult.m in Sources */,
			);
			runOnlyForDeploymentPostprocessing = 0;
		};
		A9EE87611BAD4DC800A63533 /* Sources */ = {
			isa = PBXSourcesBuildPhase;
			buildActionMask = 2147483647;
			files = (
				A9EE876A1BAD4DC800A63533 /* CrossTranslatorTests.m in Sources */,
			);
			runOnlyForDeploymentPostprocessing = 0;
		};
		A9EE876C1BAD4DC800A63533 /* Sources */ = {
			isa = PBXSourcesBuildPhase;
			buildActionMask = 2147483647;
			files = (
				A9EE87751BAD4DC800A63533 /* CrossTranslatorUITests.m in Sources */,
			);
			runOnlyForDeploymentPostprocessing = 0;
		};
/* End PBXSourcesBuildPhase section */

/* Begin PBXTargetDependency section */
		A9EE87671BAD4DC800A63533 /* PBXTargetDependency */ = {
			isa = PBXTargetDependency;
			target = A9EE87451BAD4DC800A63533 /* CrossTranslator */;
			targetProxy = A9EE87661BAD4DC800A63533 /* PBXContainerItemProxy */;
		};
		A9EE87721BAD4DC800A63533 /* PBXTargetDependency */ = {
			isa = PBXTargetDependency;
			target = A9EE87451BAD4DC800A63533 /* CrossTranslator */;
			targetProxy = A9EE87711BAD4DC800A63533 /* PBXContainerItemProxy */;
		};
/* End PBXTargetDependency section */

/* Begin PBXVariantGroup section */
		A9EE87581BAD4DC800A63533 /* Main.storyboard */ = {
			isa = PBXVariantGroup;
			children = (
				A9EE87591BAD4DC800A63533 /* Base */,
			);
			name = Main.storyboard;
			sourceTree = "<group>";
		};
		A9EE875D1BAD4DC800A63533 /* LaunchScreen.storyboard */ = {
			isa = PBXVariantGroup;
			children = (
				A9EE875E1BAD4DC800A63533 /* Base */,
			);
			name = LaunchScreen.storyboard;
			sourceTree = "<group>";
		};
/* End PBXVariantGroup section */

/* Begin XCBuildConfiguration section */
		A9EE87771BAD4DC800A63533 /* Debug */ = {
			isa = XCBuildConfiguration;
			buildSettings = {
				ALWAYS_SEARCH_USER_PATHS = NO;
				CLANG_CXX_LANGUAGE_STANDARD = "gnu++0x";
				CLANG_CXX_LIBRARY = "libc++";
				CLANG_ENABLE_MODULES = YES;
				CLANG_ENABLE_OBJC_ARC = YES;
				CLANG_WARN_BOOL_CONVERSION = YES;
				CLANG_WARN_CONSTANT_CONVERSION = YES;
				CLANG_WARN_DIRECT_OBJC_ISA_USAGE = YES_ERROR;
				CLANG_WARN_EMPTY_BODY = YES;
				CLANG_WARN_ENUM_CONVERSION = YES;
				CLANG_WARN_INT_CONVERSION = YES;
				CLANG_WARN_OBJC_ROOT_CLASS = YES_ERROR;
				CLANG_WARN_UNREACHABLE_CODE = YES;
				CLANG_WARN__DUPLICATE_METHOD_MATCH = YES;
				"CODE_SIGN_IDENTITY[sdk=iphoneos*]" = "iPhone Developer";
				COPY_PHASE_STRIP = NO;
				DEBUG_INFORMATION_FORMAT = dwarf;
				ENABLE_STRICT_OBJC_MSGSEND = YES;
				ENABLE_TESTABILITY = YES;
				GCC_C_LANGUAGE_STANDARD = gnu99;
				GCC_DYNAMIC_NO_PIC = NO;
				GCC_NO_COMMON_BLOCKS = YES;
				GCC_OPTIMIZATION_LEVEL = 0;
				GCC_PREPROCESSOR_DEFINITIONS = (
					"DEBUG=1",
					"$(inherited)",
				);
				GCC_WARN_64_TO_32_BIT_CONVERSION = YES;
				GCC_WARN_ABOUT_RETURN_TYPE = YES_ERROR;
				GCC_WARN_UNDECLARED_SELECTOR = YES;
				GCC_WARN_UNINITIALIZED_AUTOS = YES_AGGRESSIVE;
				GCC_WARN_UNUSED_FUNCTION = YES;
				GCC_WARN_UNUSED_VARIABLE = YES;
				IPHONEOS_DEPLOYMENT_TARGET = 8.4;
				MTL_ENABLE_DEBUG_INFO = YES;
				ONLY_ACTIVE_ARCH = YES;
				SDKROOT = iphoneos;
				TARGETED_DEVICE_FAMILY = "1,2";
			};
			name = Debug;
		};
		A9EE87781BAD4DC800A63533 /* Release */ = {
			isa = XCBuildConfiguration;
			buildSettings = {
				ALWAYS_SEARCH_USER_PATHS = NO;
				CLANG_CXX_LANGUAGE_STANDARD = "gnu++0x";
				CLANG_CXX_LIBRARY = "libc++";
				CLANG_ENABLE_MODULES = YES;
				CLANG_ENABLE_OBJC_ARC = YES;
				CLANG_WARN_BOOL_CONVERSION = YES;
				CLANG_WARN_CONSTANT_CONVERSION = YES;
				CLANG_WARN_DIRECT_OBJC_ISA_USAGE = YES_ERROR;
				CLANG_WARN_EMPTY_BODY = YES;
				CLANG_WARN_ENUM_CONVERSION = YES;
				CLANG_WARN_INT_CONVERSION = YES;
				CLANG_WARN_OBJC_ROOT_CLASS = YES_ERROR;
				CLANG_WARN_UNREACHABLE_CODE = YES;
				CLANG_WARN__DUPLICATE_METHOD_MATCH = YES;
				"CODE_SIGN_IDENTITY[sdk=iphoneos*]" = "iPhone Developer";
				COPY_PHASE_STRIP = NO;
				DEBUG_INFORMATION_FORMAT = "dwarf-with-dsym";
				ENABLE_NS_ASSERTIONS = NO;
				ENABLE_STRICT_OBJC_MSGSEND = YES;
				GCC_C_LANGUAGE_STANDARD = gnu99;
				GCC_NO_COMMON_BLOCKS = YES;
				GCC_WARN_64_TO_32_BIT_CONVERSION = YES;
				GCC_WARN_ABOUT_RETURN_TYPE = YES_ERROR;
				GCC_WARN_UNDECLARED_SELECTOR = YES;
				GCC_WARN_UNINITIALIZED_AUTOS = YES_AGGRESSIVE;
				GCC_WARN_UNUSED_FUNCTION = YES;
				GCC_WARN_UNUSED_VARIABLE = YES;
				IPHONEOS_DEPLOYMENT_TARGET = 8.4;
				MTL_ENABLE_DEBUG_INFO = NO;
				SDKROOT = iphoneos;
				TARGETED_DEVICE_FAMILY = "1,2";
				VALIDATE_PRODUCT = YES;
			};
			name = Release;
		};
		A9EE877A1BAD4DC800A63533 /* Debug */ = {
			isa = XCBuildConfiguration;
			buildSettings = {
				ASSETCATALOG_COMPILER_APPICON_NAME = AppIcon;
				CODE_SIGN_IDENTITY = "iPhone Developer";
				INFOPLIST_FILE = CrossTranslator/Info.plist;
				LD_RUNPATH_SEARCH_PATHS = "$(inherited) @executable_path/Frameworks";
				PRODUCT_BUNDLE_IDENTIFIER = com.crossover.CrossTranslator;
				PRODUCT_NAME = "$(TARGET_NAME)";
				TARGETED_DEVICE_FAMILY = 1;
			};
			name = Debug;
		};
		A9EE877B1BAD4DC800A63533 /* Release */ = {
			isa = XCBuildConfiguration;
			buildSettings = {
				ASSETCATALOG_COMPILER_APPICON_NAME = AppIcon;
				CODE_SIGN_IDENTITY = "iPhone Developer";
				INFOPLIST_FILE = CrossTranslator/Info.plist;
				LD_RUNPATH_SEARCH_PATHS = "$(inherited) @executable_path/Frameworks";
				PRODUCT_BUNDLE_IDENTIFIER = com.crossover.CrossTranslator;
				PRODUCT_NAME = "$(TARGET_NAME)";
				TARGETED_DEVICE_FAMILY = 1;
			};
			name = Release;
		};
		A9EE877D1BAD4DC800A63533 /* Debug */ = {
			isa = XCBuildConfiguration;
			buildSettings = {
				BUNDLE_LOADER = "$(TEST_HOST)";
				INFOPLIST_FILE = CrossTranslatorTests/Info.plist;
				LD_RUNPATH_SEARCH_PATHS = "$(inherited) @executable_path/Frameworks @loader_path/Frameworks";
				PRODUCT_BUNDLE_IDENTIFIER = com.crossover.CrossTranslatorTests;
				PRODUCT_NAME = "$(TARGET_NAME)";
				TEST_HOST = "$(BUILT_PRODUCTS_DIR)/CrossTranslator.app/CrossTranslator";
			};
			name = Debug;
		};
		A9EE877E1BAD4DC800A63533 /* Release */ = {
			isa = XCBuildConfiguration;
			buildSettings = {
				BUNDLE_LOADER = "$(TEST_HOST)";
				INFOPLIST_FILE = CrossTranslatorTests/Info.plist;
				LD_RUNPATH_SEARCH_PATHS = "$(inherited) @executable_path/Frameworks @loader_path/Frameworks";
				PRODUCT_BUNDLE_IDENTIFIER = com.crossover.CrossTranslatorTests;
				PRODUCT_NAME = "$(TARGET_NAME)";
				TEST_HOST = "$(BUILT_PRODUCTS_DIR)/CrossTranslator.app/CrossTranslator";
			};
			name = Release;
		};
		A9EE87801BAD4DC800A63533 /* Debug */ = {
			isa = XCBuildConfiguration;
			buildSettings = {
				INFOPLIST_FILE = CrossTranslatorUITests/Info.plist;
				LD_RUNPATH_SEARCH_PATHS = "$(inherited) @executable_path/Frameworks @loader_path/Frameworks";
				PRODUCT_BUNDLE_IDENTIFIER = com.crossover.CrossTranslatorUITests;
				PRODUCT_NAME = "$(TARGET_NAME)";
				TEST_TARGET_NAME = CrossTranslator;
				USES_XCTRUNNER = YES;
			};
			name = Debug;
		};
		A9EE87811BAD4DC800A63533 /* Release */ = {
			isa = XCBuildConfiguration;
			buildSettings = {
				INFOPLIST_FILE = CrossTranslatorUITests/Info.plist;
				LD_RUNPATH_SEARCH_PATHS = "$(inherited) @executable_path/Frameworks @loader_path/Frameworks";
				PRODUCT_BUNDLE_IDENTIFIER = com.crossover.CrossTranslatorUITests;
				PRODUCT_NAME = "$(TARGET_NAME)";
				TEST_TARGET_NAME = CrossTranslator;
				USES_XCTRUNNER = YES;
			};
			name = Release;
		};
/* End XCBuildConfiguration section */

/* Begin XCConfigurationList section */
		A9EE87411BAD4DC800A63533 /* Build configuration list for PBXProject "CrossTranslator" */ = {
			isa = XCConfigurationList;
			buildConfigurations = (
				A9EE87771BAD4DC800A63533 /* Debug */,
				A9EE87781BAD4DC800A63533 /* Release */,
			);
			defaultConfigurationIsVisible = 0;
			defaultConfigurationName = Release;
		};
		A9EE87791BAD4DC800A63533 /* Build configuration list for PBXNativeTarget "CrossTranslator" */ = {
			isa = XCConfigurationList;
			buildConfigurations = (
				A9EE877A1BAD4DC800A63533 /* Debug */,
				A9EE877B1BAD4DC800A63533 /* Release */,
			);
			defaultConfigurationIsVisible = 0;
			defaultConfigurationName = Release;
		};
		A9EE877C1BAD4DC800A63533 /* Build configuration list for PBXNativeTarget "CrossTranslatorTests" */ = {
			isa = XCConfigurationList;
			buildConfigurations = (
				A9EE877D1BAD4DC800A63533 /* Debug */,
				A9EE877E1BAD4DC800A63533 /* Release */,
			);
			defaultConfigurationIsVisible = 0;
			defaultConfigurationName = Release;
		};
		A9EE877F1BAD4DC800A63533 /* Build configuration list for PBXNativeTarget "CrossTranslatorUITests" */ = {
			isa = XCConfigurationList;
			buildConfigurations = (
				A9EE87801BAD4DC800A63533 /* Debug */,
				A9EE87811BAD4DC800A63533 /* Release */,
			);
			defaultConfigurationIsVisible = 0;
			defaultConfigurationName = Release;
		};
/* End XCConfigurationList section */

/* Begin XCVersionGroup section */
		A9EE874F1BAD4DC800A63533 /* CrossTranslator.xcdatamodeld */ = {
			isa = XCVersionGroup;
			children = (
				A9EE87501BAD4DC800A63533 /* CrossTranslator.xcdatamodel */,
			);
			currentVersion = A9EE87501BAD4DC800A63533 /* CrossTranslator.xcdatamodel */;
			path = CrossTranslator.xcdatamodeld;
			sourceTree = "<group>";
			versionGroupType = wrapper.xcdatamodel;
		};
/* End XCVersionGroup section */
	};
	rootObject = A9EE873E1BAD4DC800A63533 /* Project object */;
}
